
Microsoft Visual Studio Solution File, Format Version 12.00
# Visual Studio Version 16
VisualStudioVersion = 16.0.28803.202
MinimumVisualStudioVersion = 10.0.40219.1
Project("{FAE04EC0-301F-11D3-BF4B-00C04F79EFBC}") = "SimpleMessengerForVanilla", "SimpleMessengerForVanilla\SimpleMessengerForVanilla.csproj", "{78B2D045-49F1-4EB8-AC1A-F3E9170F7E85}"
EndProject
Global
	GlobalSection(SolutionConfigurationPlatforms) = preSolution
		Debug|Any CPU = Debug|Any CPU
		Release|Any CPU = Release|Any CPU
	EndGlobalSection
	GlobalSection(ProjectConfigurationPlatforms) = postSolution
		{78B2D045-49F1-4EB8-AC1A-F3E9170F7E85}.Debug|Any CPU.ActiveCfg = Debug|Any CPU
		{78B2D045-49F1-4EB8-AC1A-F3E9170F7E85}.Debug|Any CPU.Build.0 = Debug|Any CPU
		{78B2D045-49F1-4EB8-AC1A-F3E9170F7E85}.Release|Any CPU.ActiveCfg = Release|Any CPU
		{78B2D045-49F1-4EB8-AC1A-F3E9170F7E85}.Release|Any CPU.Build.0 = Release|Any CPU
	EndGlobalSection
	GlobalSection(SolutionProperties) = preSolution
		HideSolutionNode = FALSE
	EndGlobalSection
	GlobalSection(ExtensibilityGlobals) = postSolution
		SolutionGuid = {A20F4890-E1D2-4FD8-BBCE-5409DA89521F}
	EndGlobalSection
EndGlobal
